
Microsoft Visual Studio Solution File, Format Version 12.00
# Visual Studio Version 16
VisualStudioVersion = 16.0.30717.126
MinimumVisualStudioVersion = 10.0.40219.1
Project("{FAE04EC0-301F-11D3-BF4B-00C04F79EFBC}") = "ej2", "ej2.csproj", "{B4341514-613A-4A1F-B07F-366FCF3C1414}"
EndProject
Global
	GlobalSection(SolutionConfigurationPlatforms) = preSolution
		Debug|Any CPU = Debug|Any CPU
		Release|Any CPU = Release|Any CPU
	EndGlobalSection
	GlobalSection(ProjectConfigurationPlatforms) = postSolution
		{B4341514-613A-4A1F-B07F-366FCF3C1414}.Debug|Any CPU.ActiveCfg = Debug|Any CPU
		{B4341514-613A-4A1F-B07F-366FCF3C1414}.Debug|Any CPU.Build.0 = Debug|Any CPU
		{B4341514-613A-4A1F-B07F-366FCF3C1414}.Release|Any CPU.ActiveCfg = Release|Any CPU
		{B4341514-613A-4A1F-B07F-366FCF3C1414}.Release|Any CPU.Build.0 = Release|Any CPU
	EndGlobalSection
	GlobalSection(SolutionProperties) = preSolution
		HideSolutionNode = FALSE
	EndGlobalSection
	GlobalSection(ExtensibilityGlobals) = postSolution
		SolutionGuid = {6D6FFF61-C9D3-42BE-B9E6-B6BF98105898}
	EndGlobalSection
EndGlobal
